
Microsoft Visual Studio Solution File, Format Version 12.00
# Visual Studio Version 17
VisualStudioVersion = 17.3.32901.215
MinimumVisualStudioVersion = 10.0.40219.1
Project("{FAE04EC0-301F-11D3-BF4B-00C04F79EFBC}") = "Yor", "Yor\Yor.csproj", "{165D9E50-D828-418A-B029-B6E879BB62E0}"
EndProject
Global
	GlobalSection(SolutionConfigurationPlatforms) = preSolution
		Debug|Any CPU = Debug|Any CPU
		Release|Any CPU = Release|Any CPU
	EndGlobalSection
	GlobalSection(ProjectConfigurationPlatforms) = postSolution
		{165D9E50-D828-418A-B029-B6E879BB62E0}.Debug|Any CPU.ActiveCfg = Debug|Any CPU
		{165D9E50-D828-418A-B029-B6E879BB62E0}.Debug|Any CPU.Build.0 = Debug|Any CPU
		{165D9E50-D828-418A-B029-B6E879BB62E0}.Release|Any CPU.ActiveCfg = Release|Any CPU
		{165D9E50-D828-418A-B029-B6E879BB62E0}.Release|Any CPU.Build.0 = Release|Any CPU
	EndGlobalSection
	GlobalSection(SolutionProperties) = preSolution
		HideSolutionNode = FALSE
	EndGlobalSection
	GlobalSection(ExtensibilityGlobals) = postSolution
		SolutionGuid = {63FE054D-D286-4A1A-966C-75B71257117B}
	EndGlobalSection
EndGlobal
